// !$*UTF8*$!
{
	archiveVersion = 1;
	classes = {
	};
	objectVersion = 56;
	objects = {

/* Begin PBXBuildFile section */
		5B916BA52BA2FE4700139C1E /* AppDelegate.m in Sources */ = {isa = PBXBuildFile; fileRef = 5B916BA42BA2FE4700139C1E /* AppDelegate.m */; };
		5B916BA82BA2FE4700139C1E /* SceneDelegate.m in Sources */ = {isa = PBXBuildFile; fileRef = 5B916BA72BA2FE4700139C1E /* SceneDelegate.m */; };
		5B916BAB2BA2FE4700139C1E /* ViewController.m in Sources */ = {isa = PBXBuildFile; fileRef = 5B916BAA2BA2FE4700139C1E /* ViewController.m */; };
		5B916BAE2BA2FE4700139C1E /* Base in Resources */ = {isa = PBXBuildFile; fileRef = 5B916BAD2BA2FE4700139C1E /* Base */; };
		5B916BB12BA2FE4700139C1E /* DoItNow.xcdatamodeld in Sources */ = {isa = PBXBuildFile; fileRef = 5B916BAF2BA2FE4700139C1E /* DoItNow.xcdatamodeld */; };
		5B916BB32BA2FE4800139C1E /* Assets.xcassets in Resources */ = {isa = PBXBuildFile; fileRef = 5B916BB22BA2FE4800139C1E /* Assets.xcassets */; };
		5B916BB62BA2FE4800139C1E /* Base in Resources */ = {isa = PBXBuildFile; fileRef = 5B916BB52BA2FE4800139C1E /* Base */; };
		5B916BB92BA2FE4800139C1E /* main.m in Sources */ = {isa = PBXBuildFile; fileRef = 5B916BB82BA2FE4800139C1E /* main.m */; };
		5B916BC32BA2FE4800139C1E /* DoItNowTests.m in Sources */ = {isa = PBXBuildFile; fileRef = 5B916BC22BA2FE4800139C1E /* DoItNowTests.m */; };
		5B916BCD2BA2FE4800139C1E /* DoItNowUITests.m in Sources */ = {isa = PBXBuildFile; fileRef = 5B916BCC2BA2FE4800139C1E /* DoItNowUITests.m */; };
		5B916BCF2BA2FE4800139C1E /* DoItNowUITestsLaunchTests.m in Sources */ = {isa = PBXBuildFile; fileRef = 5B916BCE2BA2FE4800139C1E /* DoItNowUITestsLaunchTests.m */; };
/* End PBXBuildFile section */

/* Begin PBXContainerItemProxy section */
		5B916BBF2BA2FE4800139C1E /* PBXContainerItemProxy */ = {
			isa = PBXContainerItemProxy;
			containerPortal = 5B916B982BA2FE4700139C1E /* Project object */;
			proxyType = 1;
			remoteGlobalIDString = 5B916B9F2BA2FE4700139C1E;
			remoteInfo = DoItNow;
		};
		5B916BC92BA2FE4800139C1E /* PBXContainerItemProxy */ = {
			isa = PBXContainerItemProxy;
			containerPortal = 5B916B982BA2FE4700139C1E /* Project object */;
			proxyType = 1;
			remoteGlobalIDString = 5B916B9F2BA2FE4700139C1E;
			remoteInfo = DoItNow;
		};
/* End PBXContainerItemProxy section */

/* Begin PBXFileReference section */
		5B916BA02BA2FE4700139C1E /* DoItNow.app */ = {isa = PBXFileReference; explicitFileType = wrapper.application; includeInIndex = 0; path = DoItNow.app; sourceTree = BUILT_PRODUCTS_DIR; };
		5B916BA32BA2FE4700139C1E /* AppDelegate.h */ = {isa = PBXFileReference; lastKnownFileType = sourcecode.c.h; path = AppDelegate.h; sourceTree = "<group>"; };
		5B916BA42BA2FE4700139C1E /* AppDelegate.m */ = {isa = PBXFileReference; lastKnownFileType = sourcecode.c.objc; path = AppDelegate.m; sourceTree = "<group>"; };
		5B916BA62BA2FE4700139C1E /* SceneDelegate.h */ = {isa = PBXFileReference; lastKnownFileType = sourcecode.c.h; path = SceneDelegate.h; sourceTree = "<group>"; };
		5B916BA72BA2FE4700139C1E /* SceneDelegate.m */ = {isa = PBXFileReference; lastKnownFileType = sourcecode.c.objc; path = SceneDelegate.m; sourceTree = "<group>"; };
		5B916BA92BA2FE4700139C1E /* ViewController.h */ = {isa = PBXFileReference; lastKnownFileType = sourcecode.c.h; path = ViewController.h; sourceTree = "<group>"; };
		5B916BAA2BA2FE4700139C1E /* ViewController.m */ = {isa = PBXFileReference; lastKnownFileType = sourcecode.c.objc; path = ViewController.m; sourceTree = "<group>"; };
		5B916BAD2BA2FE4700139C1E /* Base */ = {isa = PBXFileReference; lastKnownFileType = file.storyboard; name = Base; path = Base.lproj/Main.storyboard; sourceTree = "<group>"; };
		5B916BB02BA2FE4700139C1E /* DoItNow.xcdatamodel */ = {isa = PBXFileReference; lastKnownFileType = wrapper.xcdatamodel; path = DoItNow.xcdatamodel; sourceTree = "<group>"; };
		5B916BB22BA2FE4800139C1E /* Assets.xcassets */ = {isa = PBXFileReference; lastKnownFileType = folder.assetcatalog; path = Assets.xcassets; sourceTree = "<group>"; };
		5B916BB52BA2FE4800139C1E /* Base */ = {isa = PBXFileReference; lastKnownFileType = file.storyboard; name = Base; path = Base.lproj/LaunchScreen.storyboard; sourceTree = "<group>"; };
		5B916BB72BA2FE4800139C1E /* Info.plist */ = {isa = PBXFileReference; lastKnownFileType = text.plist.xml; path = Info.plist; sourceTree = "<group>"; };
		5B916BB82BA2FE4800139C1E /* main.m */ = {isa = PBXFileReference; lastKnownFileType = sourcecode.c.objc; path = main.m; sourceTree = "<group>"; };
		5B916BBE2BA2FE4800139C1E /* DoItNowTests.xctest */ = {isa = PBXFileReference; explicitFileType = wrapper.cfbundle; includeInIndex = 0; path = DoItNowTests.xctest; sourceTree = BUILT_PRODUCTS_DIR; };
		5B916BC22BA2FE4800139C1E /* DoItNowTests.m */ = {isa = PBXFileReference; lastKnownFileType = sourcecode.c.objc; path = DoItNowTests.m; sourceTree = "<group>"; };
		5B916BC82BA2FE4800139C1E /* DoItNowUITests.xctest */ = {isa = PBXFileReference; explicitFileType = wrapper.cfbundle; includeInIndex = 0; path = DoItNowUITests.xctest; sourceTree = BUILT_PRODUCTS_DIR; };
		5B916BCC2BA2FE4800139C1E /* DoItNowUITests.m */ = {isa = PBXFileReference; lastKnownFileType = sourcecode.c.objc; path = DoItNowUITests.m; sourceTree = "<group>"; };
		5B916BCE2BA2FE4800139C1E /* DoItNowUITestsLaunchTests.m */ = {isa = PBXFileReference; lastKnownFileType = sourcecode.c.objc; path = DoItNowUITestsLaunchTests.m; sourceTree = "<group>"; };
/* End PBXFileReference section */

/* Begin PBXFrameworksBuildPhase section */
		5B916B9D2BA2FE4700139C1E /* Frameworks */ = {
			isa = PBXFrameworksBuildPhase;
			buildActionMask = 2147483647;
			files = (
			);
			runOnlyForDeploymentPostprocessing = 0;
		};
		5B916BBB2BA2FE4800139C1E /* Frameworks */ = {
			isa = PBXFrameworksBuildPhase;
			buildActionMask = 2147483647;
			files = (
			);
			runOnlyForDeploymentPostprocessing = 0;
		};
		5B916BC52BA2FE4800139C1E /* Frameworks */ = {
			isa = PBXFrameworksBuildPhase;
			buildActionMask = 2147483647;
			files = (
			);
			runOnlyForDeploymentPostprocessing = 0;
		};
/* End PBXFrameworksBuildPhase section */

/* Begin PBXGroup section */
		5B916B972BA2FE4700139C1E = {
			isa = PBXGroup;
			children = (
				5B916BA22BA2FE4700139C1E /* DoItNow */,
				5B916BC12BA2FE4800139C1E /* DoItNowTests */,
				5B916BCB2BA2FE4800139C1E /* DoItNowUITests */,
				5B916BA12BA2FE4700139C1E /* Products */,
			);
			sourceTree = "<group>";
		};
		5B916BA12BA2FE4700139C1E /* Products */ = {
			isa = PBXGroup;
			children = (
				5B916BA02BA2FE4700139C1E /* DoItNow.app */,
				5B916BBE2BA2FE4800139C1E /* DoItNowTests.xctest */,
				5B916BC82BA2FE4800139C1E /* DoItNowUITests.xctest */,
			);
			name = Products;
			sourceTree = "<group>";
		};
		5B916BA22BA2FE4700139C1E /* DoItNow */ = {
			isa = PBXGroup;
			children = (
				5B916BA32BA2FE4700139C1E /* AppDelegate.h */,
				5B916BA42BA2FE4700139C1E /* AppDelegate.m */,
				5B916BA62BA2FE4700139C1E /* SceneDelegate.h */,
				5B916BA72BA2FE4700139C1E /* SceneDelegate.m */,
				5B916BA92BA2FE4700139C1E /* ViewController.h */,
				5B916BAA2BA2FE4700139C1E /* ViewController.m */,
				5B916BAC2BA2FE4700139C1E /* Main.storyboard */,
				5B916BB22BA2FE4800139C1E /* Assets.xcassets */,
				5B916BB42BA2FE4800139C1E /* LaunchScreen.storyboard */,
				5B916BB72BA2FE4800139C1E /* Info.plist */,
				5B916BB82BA2FE4800139C1E /* main.m */,
				5B916BAF2BA2FE4700139C1E /* DoItNow.xcdatamodeld */,
			);
			path = DoItNow;
			sourceTree = "<group>";
		};
		5B916BC12BA2FE4800139C1E /* DoItNowTests */ = {
			isa = PBXGroup;
			children = (
				5B916BC22BA2FE4800139C1E /* DoItNowTests.m */,
			);
			path = DoItNowTests;
			sourceTree = "<group>";
		};
		5B916BCB2BA2FE4800139C1E /* DoItNowUITests */ = {
			isa = PBXGroup;
			children = (
				5B916BCC2BA2FE4800139C1E /* DoItNowUITests.m */,
				5B916BCE2BA2FE4800139C1E /* DoItNowUITestsLaunchTests.m */,
			);
			path = DoItNowUITests;
			sourceTree = "<group>";
		};
/* End PBXGroup section */

/* Begin PBXNativeTarget section */
		5B916B9F2BA2FE4700139C1E /* DoItNow */ = {
			isa = PBXNativeTarget;
			buildConfigurationList = 5B916BD22BA2FE4800139C1E /* Build configuration list for PBXNativeTarget "DoItNow" */;
			buildPhases = (
				5B916B9C2BA2FE4700139C1E /* Sources */,
				5B916B9D2BA2FE4700139C1E /* Frameworks */,
				5B916B9E2BA2FE4700139C1E /* Resources */,
			);
			buildRules = (
			);
			dependencies = (
			);
			name = DoItNow;
			productName = DoItNow;
			productReference = 5B916BA02BA2FE4700139C1E /* DoItNow.app */;
			productType = "com.apple.product-type.application";
		};
		5B916BBD2BA2FE4800139C1E /* DoItNowTests */ = {
			isa = PBXNativeTarget;
			buildConfigurationList = 5B916BD52BA2FE4800139C1E /* Build configuration list for PBXNativeTarget "DoItNowTests" */;
			buildPhases = (
				5B916BBA2BA2FE4800139C1E /* Sources */,
				5B916BBB2BA2FE4800139C1E /* Frameworks */,
				5B916BBC2BA2FE4800139C1E /* Resources */,
			);
			buildRules = (
			);
			dependencies = (
				5B916BC02BA2FE4800139C1E /* PBXTargetDependency */,
			);
			name = DoItNowTests;
			productName = DoItNowTests;
			productReference = 5B916BBE2BA2FE4800139C1E /* DoItNowTests.xctest */;
			productType = "com.apple.product-type.bundle.unit-test";
		};
		5B916BC72BA2FE4800139C1E /* DoItNowUITests */ = {
			isa = PBXNativeTarget;
			buildConfigurationList = 5B916BD82BA2FE4800139C1E /* Build configuration list for PBXNativeTarget "DoItNowUITests" */;
			buildPhases = (
				5B916BC42BA2FE4800139C1E /* Sources */,
				5B916BC52BA2FE4800139C1E /* Frameworks */,
				5B916BC62BA2FE4800139C1E /* Resources */,
			);
			buildRules = (
			);
			dependencies = (
				5B916BCA2BA2FE4800139C1E /* PBXTargetDependency */,
			);
			name = DoItNowUITests;
			productName = DoItNowUITests;
			productReference = 5B916BC82BA2FE4800139C1E /* DoItNowUITests.xctest */;
			productType = "com.apple.product-type.bundle.ui-testing";
		};
/* End PBXNativeTarget section */

/* Begin PBXProject section */
		5B916B982BA2FE4700139C1E /* Project object */ = {
			isa = PBXProject;
			attributes = {
				BuildIndependentTargetsInParallel = 1;
				LastUpgradeCheck = 1530;
				TargetAttributes = {
					5B916B9F2BA2FE4700139C1E = {
						CreatedOnToolsVersion = 15.3;
					};
					5B916BBD2BA2FE4800139C1E = {
						CreatedOnToolsVersion = 15.3;
						TestTargetID = 5B916B9F2BA2FE4700139C1E;
					};
					5B916BC72BA2FE4800139C1E = {
						CreatedOnToolsVersion = 15.3;
						TestTargetID = 5B916B9F2BA2FE4700139C1E;
					};
				};
			};
			buildConfigurationList = 5B916B9B2BA2FE4700139C1E /* Build configuration list for PBXProject "DoItNow" */;
			compatibilityVersion = "Xcode 14.0";
			developmentRegion = en;
			hasScannedForEncodings = 0;
			knownRegions = (
				en,
				Base,
			);
			mainGroup = 5B916B972BA2FE4700139C1E;
			productRefGroup = 5B916BA12BA2FE4700139C1E /* Products */;
			projectDirPath = "";
			projectRoot = "";
			targets = (
				5B916B9F2BA2FE4700139C1E /* DoItNow */,
				5B916BBD2BA2FE4800139C1E /* DoItNowTests */,
				5B916BC72BA2FE4800139C1E /* DoItNowUITests */,
			);
		};
/* End PBXProject section */

/* Begin PBXResourcesBuildPhase section */
		5B916B9E2BA2FE4700139C1E /* Resources */ = {
			isa = PBXResourcesBuildPhase;
			buildActionMask = 2147483647;
			files = (
				5B916BB32BA2FE4800139C1E /* Assets.xcassets in Resources */,
				5B916BB62BA2FE4800139C1E /* Base in Resources */,
				5B916BAE2BA2FE4700139C1E /* Base in Resources */,
			);
			runOnlyForDeploymentPostprocessing = 0;
		};
		5B916BBC2BA2FE4800139C1E /* Resources */ = {
			isa = PBXResourcesBuildPhase;
			buildActionMask = 2147483647;
			files = (
			);
			runOnlyForDeploymentPostprocessing = 0;
		};
		5B916BC62BA2FE4800139C1E /* Resources */ = {
			isa = PBXResourcesBuildPhase;
			buildActionMask = 2147483647;
			files = (
			);
			runOnlyForDeploymentPostprocessing = 0;
		};
/* End PBXResourcesBuildPhase section */

/* Begin PBXSourcesBuildPhase section */
		5B916B9C2BA2FE4700139C1E /* Sources */ = {
			isa = PBXSourcesBuildPhase;
			buildActionMask = 2147483647;
			files = (
				5B916BB92BA2FE4800139C1E /* main.m in Sources */,
				5B916BB12BA2FE4700139C1E /* DoItNow.xcdatamodeld in Sources */,
				5B916BAB2BA2FE4700139C1E /* ViewController.m in Sources */,
				5B916BA52BA2FE4700139C1E /* AppDelegate.m in Sources */,
				5B916BA82BA2FE4700139C1E /* SceneDelegate.m in Sources */,
			);
			runOnlyForDeploymentPostprocessing = 0;
		};
		5B916BBA2BA2FE4800139C1E /* Sources */ = {
			isa = PBXSourcesBuildPhase;
			buildActionMask = 2147483647;
			files = (
				5B916BC32BA2FE4800139C1E /* DoItNowTests.m in Sources */,
			);
			runOnlyForDeploymentPostprocessing = 0;
		};
		5B916BC42BA2FE4800139C1E /* Sources */ = {
			isa = PBXSourcesBuildPhase;
			buildActionMask = 2147483647;
			files = (
				5B916BCD2BA2FE4800139C1E /* DoItNowUITests.m in Sources */,
				5B916BCF2BA2FE4800139C1E /* DoItNowUITestsLaunchTests.m in Sources */,
			);
			runOnlyForDeploymentPostprocessing = 0;
		};
/* End PBXSourcesBuildPhase section */

/* Begin PBXTargetDependency section */
		5B916BC02BA2FE4800139C1E /* PBXTargetDependency */ = {
			isa = PBXTargetDependency;
			target = 5B916B9F2BA2FE4700139C1E /* DoItNow */;
			targetProxy = 5B916BBF2BA2FE4800139C1E /* PBXContainerItemProxy */;
		};
		5B916BCA2BA2FE4800139C1E /* PBXTargetDependency */ = {
			isa = PBXTargetDependency;
			target = 5B916B9F2BA2FE4700139C1E /* DoItNow */;
			targetProxy = 5B916BC92BA2FE4800139C1E /* PBXContainerItemProxy */;
		};
/* End PBXTargetDependency section */

/* Begin PBXVariantGroup section */
		5B916BAC2BA2FE4700139C1E /* Main.storyboard */ = {
			isa = PBXVariantGroup;
			children = (
				5B916BAD2BA2FE4700139C1E /* Base */,
			);
			name = Main.storyboard;
			sourceTree = "<group>";
		};
		5B916BB42BA2FE4800139C1E /* LaunchScreen.storyboard */ = {
			isa = PBXVariantGroup;
			children = (
				5B916BB52BA2FE4800139C1E /* Base */,
			);
			name = LaunchScreen.storyboard;
			sourceTree = "<group>";
		};
/* End PBXVariantGroup section */

/* Begin XCBuildConfiguration section */
		5B916BD02BA2FE4800139C1E /* Debug */ = {
			isa = XCBuildConfiguration;
			buildSettings = {
				ALWAYS_SEARCH_USER_PATHS = NO;
				ASSETCATALOG_COMPILER_GENERATE_SWIFT_ASSET_SYMBOL_EXTENSIONS = YES;
				CLANG_ANALYZER_NONNULL = YES;
				CLANG_ANALYZER_NUMBER_OBJECT_CONVERSION = YES_AGGRESSIVE;
				CLANG_CXX_LANGUAGE_STANDARD = "gnu++20";
				CLANG_ENABLE_MODULES = YES;
				CLANG_ENABLE_OBJC_ARC = YES;
				CLANG_ENABLE_OBJC_WEAK = YES;
				CLANG_WARN_BLOCK_CAPTURE_AUTORELEASING = YES;
				CLANG_WARN_BOOL_CONVERSION = YES;
				CLANG_WARN_COMMA = YES;
				CLANG_WARN_CONSTANT_CONVERSION = YES;
				CLANG_WARN_DEPRECATED_OBJC_IMPLEMENTATIONS = YES;
				CLANG_WARN_DIRECT_OBJC_ISA_USAGE = YES_ERROR;
				CLANG_WARN_DOCUMENTATION_COMMENTS = YES;
				CLANG_WARN_EMPTY_BODY = YES;
				CLANG_WARN_ENUM_CONVERSION = YES;
				CLANG_WARN_INFINITE_RECURSION = YES;
				CLANG_WARN_INT_CONVERSION = YES;
				CLANG_WARN_NON_LITERAL_NULL_CONVERSION = YES;
				CLANG_WARN_OBJC_IMPLICIT_RETAIN_SELF = YES;
				CLANG_WARN_OBJC_LITERAL_CONVERSION = YES;
				CLANG_WARN_OBJC_ROOT_CLASS = YES_ERROR;
				CLANG_WARN_QUOTED_INCLUDE_IN_FRAMEWORK_HEADER = YES;
				CLANG_WARN_RANGE_LOOP_ANALYSIS = YES;
				CLANG_WARN_STRICT_PROTOTYPES = YES;
				CLANG_WARN_SUSPICIOUS_MOVE = YES;
				CLANG_WARN_UNGUARDED_AVAILABILITY = YES_AGGRESSIVE;
				CLANG_WARN_UNREACHABLE_CODE = YES;
				CLANG_WARN__DUPLICATE_METHOD_MATCH = YES;
				COPY_PHASE_STRIP = NO;
				DEBUG_INFORMATION_FORMAT = dwarf;
				ENABLE_STRICT_OBJC_MSGSEND = YES;
				ENABLE_TESTABILITY = YES;
				ENABLE_USER_SCRIPT_SANDBOXING = YES;
				GCC_C_LANGUAGE_STANDARD = gnu17;
				GCC_DYNAMIC_NO_PIC = NO;
				GCC_NO_COMMON_BLOCKS = YES;
				GCC_OPTIMIZATION_LEVEL = 0;
				GCC_PREPROCESSOR_DEFINITIONS = (
					"DEBUG=1",
					"$(inherited)",
				);
				GCC_WARN_64_TO_32_BIT_CONVERSION = YES;
				GCC_WARN_ABOUT_RETURN_TYPE = YES_ERROR;
				GCC_WARN_UNDECLARED_SELECTOR = YES;
				GCC_WARN_UNINITIALIZED_AUTOS = YES_AGGRESSIVE;
				GCC_WARN_UNUSED_FUNCTION = YES;
				GCC_WARN_UNUSED_VARIABLE = YES;
				IPHONEOS_DEPLOYMENT_TARGET = 17.4;
				LOCALIZATION_PREFERS_STRING_CATALOGS = YES;
				MTL_ENABLE_DEBUG_INFO = INCLUDE_SOURCE;
				MTL_FAST_MATH = YES;
				ONLY_ACTIVE_ARCH = YES;
				SDKROOT = iphoneos;
			};
			name = Debug;
		};
		5B916BD12BA2FE4800139C1E /* Release */ = {
			isa = XCBuildConfiguration;
			buildSettings = {
				ALWAYS_SEARCH_USER_PATHS = NO;
				ASSETCATALOG_COMPILER_GENERATE_SWIFT_ASSET_SYMBOL_EXTENSIONS = YES;
				CLANG_ANALYZER_NONNULL = YES;
				CLANG_ANALYZER_NUMBER_OBJECT_CONVERSION = YES_AGGRESSIVE;
				CLANG_CXX_LANGUAGE_STANDARD = "gnu++20";
				CLANG_ENABLE_MODULES = YES;
				CLANG_ENABLE_OBJC_ARC = YES;
				CLANG_ENABLE_OBJC_WEAK = YES;
				CLANG_WARN_BLOCK_CAPTURE_AUTORELEASING = YES;
				CLANG_WARN_BOOL_CONVERSION = YES;
				CLANG_WARN_COMMA = YES;
				CLANG_WARN_CONSTANT_CONVERSION = YES;
				CLANG_WARN_DEPRECATED_OBJC_IMPLEMENTATIONS = YES;
				CLANG_WARN_DIRECT_OBJC_ISA_USAGE = YES_ERROR;
				CLANG_WARN_DOCUMENTATION_COMMENTS = YES;
				CLANG_WARN_EMPTY_BODY = YES;
				CLANG_WARN_ENUM_CONVERSION = YES;
				CLANG_WARN_INFINITE_RECURSION = YES;
				CLANG_WARN_INT_CONVERSION = YES;
				CLANG_WARN_NON_LITERAL_NULL_CONVERSION = YES;
				CLANG_WARN_OBJC_IMPLICIT_RETAIN_SELF = YES;
				CLANG_WARN_OBJC_LITERAL_CONVERSION = YES;
				CLANG_WARN_OBJC_ROOT_CLASS = YES_ERROR;
				CLANG_WARN_QUOTED_INCLUDE_IN_FRAMEWORK_HEADER = YES;
				CLANG_WARN_RANGE_LOOP_ANALYSIS = YES;
				CLANG_WARN_STRICT_PROTOTYPES = YES;
				CLANG_WARN_SUSPICIOUS_MOVE = YES;
				CLANG_WARN_UNGUARDED_AVAILABILITY = YES_AGGRESSIVE;
				CLANG_WARN_UNREACHABLE_CODE = YES;
				CLANG_WARN__DUPLICATE_METHOD_MATCH = YES;
				COPY_PHASE_STRIP = NO;
				DEBUG_INFORMATION_FORMAT = "dwarf-with-dsym";
				ENABLE_NS_ASSERTIONS = NO;
				ENABLE_STRICT_OBJC_MSGSEND = YES;
				ENABLE_USER_SCRIPT_SANDBOXING = YES;
				GCC_C_LANGUAGE_STANDARD = gnu17;
				GCC_NO_COMMON_BLOCKS = YES;
				GCC_WARN_64_TO_32_BIT_CONVERSION = YES;
				GCC_WARN_ABOUT_RETURN_TYPE = YES_ERROR;
				GCC_WARN_UNDECLARED_SELECTOR = YES;
				GCC_WARN_UNINITIALIZED_AUTOS = YES_AGGRESSIVE;
				GCC_WARN_UNUSED_FUNCTION = YES;
				GCC_WARN_UNUSED_VARIABLE = YES;
				IPHONEOS_DEPLOYMENT_TARGET = 17.4;
				LOCALIZATION_PREFERS_STRING_CATALOGS = YES;
				MTL_ENABLE_DEBUG_INFO = NO;
				MTL_FAST_MATH = YES;
				SDKROOT = iphoneos;
				VALIDATE_PRODUCT = YES;
			};
			name = Release;
		};
		5B916BD32BA2FE4800139C1E /* Debug */ = {
			isa = XCBuildConfiguration;
			buildSettings = {
				ASSETCATALOG_COMPILER_APPICON_NAME = AppIcon;
				ASSETCATALOG_COMPILER_GLOBAL_ACCENT_COLOR_NAME = AccentColor;
				CODE_SIGN_STYLE = Automatic;
				CURRENT_PROJECT_VERSION = 1;
				GENERATE_INFOPLIST_FILE = YES;
				INFOPLIST_FILE = DoItNow/Info.plist;
				INFOPLIST_KEY_UIApplicationSupportsIndirectInputEvents = YES;
				INFOPLIST_KEY_UILaunchStoryboardName = LaunchScreen;
				INFOPLIST_KEY_UIMainStoryboardFile = Main;
				INFOPLIST_KEY_UISupportedInterfaceOrientations_iPad = "UIInterfaceOrientationPortrait UIInterfaceOrientationPortraitUpsideDown UIInterfaceOrientationLandscapeLeft UIInterfaceOrientationLandscapeRight";
				INFOPLIST_KEY_UISupportedInterfaceOrientations_iPhone = "UIInterfaceOrientationPortrait UIInterfaceOrientationLandscapeLeft UIInterfaceOrientationLandscapeRight";
				IPHONEOS_DEPLOYMENT_TARGET = 15.0;
				LD_RUNPATH_SEARCH_PATHS = (
					"$(inherited)",
					"@executable_path/Frameworks",
				);
				MARKETING_VERSION = 1.0;
				PRODUCT_BUNDLE_IDENTIFIER = com.j8bok.DoItNow;
				PRODUCT_NAME = "$(TARGET_NAME)";
				SWIFT_EMIT_LOC_STRINGS = YES;
				TARGETED_DEVICE_FAMILY = "1,2";
			};
			name = Debug;
		};
		5B916BD42BA2FE4800139C1E /* Release */ = {
			isa = XCBuildConfiguration;
			buildSettings = {
				ASSETCATALOG_COMPILER_APPICON_NAME = AppIcon;
				ASSETCATALOG_COMPILER_GLOBAL_ACCENT_COLOR_NAME = AccentColor;
				CODE_SIGN_STYLE = Automatic;
				CURRENT_PROJECT_VERSION = 1;
				GENERATE_INFOPLIST_FILE = YES;
				INFOPLIST_FILE = DoItNow/Info.plist;
				INFOPLIST_KEY_UIApplicationSupportsIndirectInputEvents = YES;
				INFOPLIST_KEY_UILaunchStoryboardName = LaunchScreen;
				INFOPLIST_KEY_UIMainStoryboardFile = Main;
				INFOPLIST_KEY_UISupportedInterfaceOrientations_iPad = "UIInterfaceOrientationPortrait UIInterfaceOrientationPortraitUpsideDown UIInterfaceOrientationLandscapeLeft UIInterfaceOrientationLandscapeRight";
				INFOPLIST_KEY_UISupportedInterfaceOrientations_iPhone = "UIInterfaceOrientationPortrait UIInterfaceOrientationLandscapeLeft UIInterfaceOrientationLandscapeRight";
				IPHONEOS_DEPLOYMENT_TARGET = 15.0;
				LD_RUNPATH_SEARCH_PATHS = (
					"$(inherited)",
					"@executable_path/Frameworks",
				);
				MARKETING_VERSION = 1.0;
				PRODUCT_BUNDLE_IDENTIFIER = com.j8bok.DoItNow;
				PRODUCT_NAME = "$(TARGET_NAME)";
				SWIFT_EMIT_LOC_STRINGS = YES;
				TARGETED_DEVICE_FAMILY = "1,2";
			};
			name = Release;
		};
		5B916BD62BA2FE4800139C1E /* Debug */ = {
			isa = XCBuildConfiguration;
			buildSettings = {
				BUNDLE_LOADER = "$(TEST_HOST)";
				CODE_SIGN_STYLE = Automatic;
				CURRENT_PROJECT_VERSION = 1;
				GENERATE_INFOPLIST_FILE = YES;
				IPHONEOS_DEPLOYMENT_TARGET = 17.4;
				MARKETING_VERSION = 1.0;
				PRODUCT_BUNDLE_IDENTIFIER = com.j8bok.DoItNowTests;
				PRODUCT_NAME = "$(TARGET_NAME)";
				SWIFT_EMIT_LOC_STRINGS = NO;
				TARGETED_DEVICE_FAMILY = "1,2";
				TEST_HOST = "$(BUILT_PRODUCTS_DIR)/DoItNow.app/$(BUNDLE_EXECUTABLE_FOLDER_PATH)/DoItNow";
			};
			name = Debug;
		};
		5B916BD72BA2FE4800139C1E /* Release */ = {
			isa = XCBuildConfiguration;
			buildSettings = {
				BUNDLE_LOADER = "$(TEST_HOST)";
				CODE_SIGN_STYLE = Automatic;
				CURRENT_PROJECT_VERSION = 1;
				GENERATE_INFOPLIST_FILE = YES;
				IPHONEOS_DEPLOYMENT_TARGET = 17.4;
				MARKETING_VERSION = 1.0;
				PRODUCT_BUNDLE_IDENTIFIER = com.j8bok.DoItNowTests;
				PRODUCT_NAME = "$(TARGET_NAME)";
				SWIFT_EMIT_LOC_STRINGS = NO;
				TARGETED_DEVICE_FAMILY = "1,2";
				TEST_HOST = "$(BUILT_PRODUCTS_DIR)/DoItNow.app/$(BUNDLE_EXECUTABLE_FOLDER_PATH)/DoItNow";
			};
			name = Release;
		};
		5B916BD92BA2FE4800139C1E /* Debug */ = {
			isa = XCBuildConfiguration;
			buildSettings = {
				CODE_SIGN_STYLE = Automatic;
				CURRENT_PROJECT_VERSION = 1;
				GENERATE_INFOPLIST_FILE = YES;
				MARKETING_VERSION = 1.0;
				PRODUCT_BUNDLE_IDENTIFIER = com.j8bok.DoItNowUITests;
				PRODUCT_NAME = "$(TARGET_NAME)";
				SWIFT_EMIT_LOC_STRINGS = NO;
				TARGETED_DEVICE_FAMILY = "1,2";
				TEST_TARGET_NAME = DoItNow;
			};
			name = Debug;
		};
		5B916BDA2BA2FE4800139C1E /* Release */ = {
			isa = XCBuildConfiguration;
			buildSettings = {
				CODE_SIGN_STYLE = Automatic;
				CURRENT_PROJECT_VERSION = 1;
				GENERATE_INFOPLIST_FILE = YES;
				MARKETING_VERSION = 1.0;
				PRODUCT_BUNDLE_IDENTIFIER = com.j8bok.DoItNowUITests;
				PRODUCT_NAME = "$(TARGET_NAME)";
				SWIFT_EMIT_LOC_STRINGS = NO;
				TARGETED_DEVICE_FAMILY = "1,2";
				TEST_TARGET_NAME = DoItNow;
			};
			name = Release;
		};
/* End XCBuildConfiguration section */

/* Begin XCConfigurationList section */
		5B916B9B2BA2FE4700139C1E /* Build configuration list for PBXProject "DoItNow" */ = {
			isa = XCConfigurationList;
			buildConfigurations = (
				5B916BD02BA2FE4800139C1E /* Debug */,
				5B916BD12BA2FE4800139C1E /* Release */,
			);
			defaultConfigurationIsVisible = 0;
			defaultConfigurationName = Release;
		};
		5B916BD22BA2FE4800139C1E /* Build configuration list for PBXNativeTarget "DoItNow" */ = {
			isa = XCConfigurationList;
			buildConfigurations = (
				5B916BD32BA2FE4800139C1E /* Debug */,
				5B916BD42BA2FE4800139C1E /* Release */,
			);
			defaultConfigurationIsVisible = 0;
			defaultConfigurationName = Release;
		};
		5B916BD52BA2FE4800139C1E /* Build configuration list for PBXNativeTarget "DoItNowTests" */ = {
			isa = XCConfigurationList;
			buildConfigurations = (
				5B916BD62BA2FE4800139C1E /* Debug */,
				5B916BD72BA2FE4800139C1E /* Release */,
			);
			defaultConfigurationIsVisible = 0;
			defaultConfigurationName = Release;
		};
		5B916BD82BA2FE4800139C1E /* Build configuration list for PBXNativeTarget "DoItNowUITests" */ = {
			isa = XCConfigurationList;
			buildConfigurations = (
				5B916BD92BA2FE4800139C1E /* Debug */,
				5B916BDA2BA2FE4800139C1E /* Release */,
			);
			defaultConfigurationIsVisible = 0;
			defaultConfigurationName = Release;
		};
/* End XCConfigurationList section */

/* Begin XCVersionGroup section */
		5B916BAF2BA2FE4700139C1E /* DoItNow.xcdatamodeld */ = {
			isa = XCVersionGroup;
			children = (
				5B916BB02BA2FE4700139C1E /* DoItNow.xcdatamodel */,
			);
			currentVersion = 5B916BB02BA2FE4700139C1E /* DoItNow.xcdatamodel */;
			path = DoItNow.xcdatamodeld;
			sourceTree = "<group>";
			versionGroupType = wrapper.xcdatamodel;
		};
/* End XCVersionGroup section */
	};
	rootObject = 5B916B982BA2FE4700139C1E /* Project object */;
}
